
Microsoft Visual Studio Solution File, Format Version 12.00
# Visual Studio Version 17
VisualStudioVersion = 17.14.36109.1 d17.14
MinimumVisualStudioVersion = 10.0.40219.1
Project("{FAE04EC0-301F-11D3-BF4B-00C04F79EFBC}") = "Flipers", "Flipers\Flipers.csproj", "{920E2203-5937-445F-A3BA-8769BF597500}"
EndProject
Global
	GlobalSection(SolutionConfigurationPlatforms) = preSolution
		Debug|Any CPU = Debug|Any CPU
		Release|Any CPU = Release|Any CPU
	EndGlobalSection
	GlobalSection(ProjectConfigurationPlatforms) = postSolution
		{920E2203-5937-445F-A3BA-8769BF597500}.Debug|Any CPU.ActiveCfg = Debug|Any CPU
		{920E2203-5937-445F-A3BA-8769BF597500}.Debug|Any CPU.Build.0 = Debug|Any CPU
		{920E2203-5937-445F-A3BA-8769BF597500}.Release|Any CPU.ActiveCfg = Release|Any CPU
		{920E2203-5937-445F-A3BA-8769BF597500}.Release|Any CPU.Build.0 = Release|Any CPU
	EndGlobalSection
	GlobalSection(SolutionProperties) = preSolution
		HideSolutionNode = FALSE
	EndGlobalSection
	GlobalSection(ExtensibilityGlobals) = postSolution
		SolutionGuid = {220DE860-A2FE-42BE-8F9C-297F6B19CAE3}
	EndGlobalSection
EndGlobal
